
Microsoft Visual Studio Solution File, Format Version 12.00
Project("{FAE04EC0-301F-11D3-BF4B-00C04F79EFBC}") = "DailyRoutines.ModuleTemplate", "DailyRoutines.ModuleTemplate\DailyRoutines.ModuleTemplate.csproj", "{F8E53DC9-0D24-4E9C-8680-C06FA36C1DF2}"
EndProject
Global
	GlobalSection(SolutionConfigurationPlatforms) = preSolution
		Debug|Any CPU = Debug|Any CPU
		Release|Any CPU = Release|Any CPU
	EndGlobalSection
	GlobalSection(ProjectConfigurationPlatforms) = postSolution
		{F8E53DC9-0D24-4E9C-8680-C06FA36C1DF2}.Debug|Any CPU.ActiveCfg = Debug|Any CPU
		{F8E53DC9-0D24-4E9C-8680-C06FA36C1DF2}.Debug|Any CPU.Build.0 = Debug|Any CPU
		{F8E53DC9-0D24-4E9C-8680-C06FA36C1DF2}.Release|Any CPU.ActiveCfg = Release|Any CPU
		{F8E53DC9-0D24-4E9C-8680-C06FA36C1DF2}.Release|Any CPU.Build.0 = Release|Any CPU
	EndGlobalSection
EndGlobal
